
Microsoft Visual Studio Solution File, Format Version 12.00
# Visual Studio 15
VisualStudioVersion = 15.0.26730.12
MinimumVisualStudioVersion = 10.0.40219.1
Project("{FAE04EC0-301F-11D3-BF4B-00C04F79EFBC}") = "LINQ", "LINQ\LINQ.csproj", "{FA8F42F5-6C40-45DB-ABD0-C07BBA05A9A4}"
EndProject
Global
	GlobalSection(SolutionConfigurationPlatforms) = preSolution
		Debug|Any CPU = Debug|Any CPU
		Release|Any CPU = Release|Any CPU
	EndGlobalSection
	GlobalSection(ProjectConfigurationPlatforms) = postSolution
		{FA8F42F5-6C40-45DB-ABD0-C07BBA05A9A4}.Debug|Any CPU.ActiveCfg = Debug|Any CPU
		{FA8F42F5-6C40-45DB-ABD0-C07BBA05A9A4}.Debug|Any CPU.Build.0 = Debug|Any CPU
		{FA8F42F5-6C40-45DB-ABD0-C07BBA05A9A4}.Release|Any CPU.ActiveCfg = Release|Any CPU
		{FA8F42F5-6C40-45DB-ABD0-C07BBA05A9A4}.Release|Any CPU.Build.0 = Release|Any CPU
	EndGlobalSection
	GlobalSection(SolutionProperties) = preSolution
		HideSolutionNode = FALSE
	EndGlobalSection
	GlobalSection(ExtensibilityGlobals) = postSolution
		SolutionGuid = {3CBB8DB3-DD8F-40F9-9FE3-1C6BC7689D18}
	EndGlobalSection
EndGlobal
